{
  "name": "console-css",
  "version": "1.0.0",
  "lockfileVersion": 1,
  "requires": true,
  "dependencies": {
    "console.img": {
      "version": "2.0.3",
      "resolved": "http://registry.npm.taobao.org/console.img/download/console.img-2.0.3.tgz",
      "integrity": "sha1-NWoynUzg5RCWqIHHRdaJrG0tIp8="
    }
  }
}
